
Microsoft Visual Studio Solution File, Format Version 12.00
# Visual Studio Version 17
VisualStudioVersion = 17.8.34322.80
MinimumVisualStudioVersion = 10.0.40219.1
Project("{9A19103F-16F7-4668-BE54-9A1E7A4F7556}") = "BasicApiExample", "BasicApiExample\BasicApiExample.csproj", "{65827CA6-170A-48F0-B469-C4B0B478F2D3}"
EndProject
Project("{FAE04EC0-301F-11D3-BF4B-00C04F79EFBC}") = "JsonWebToken", "JsonWebToken\JsonWebToken.csproj", "{F0DDD799-3060-49CA-A5AB-97AB2335D944}"
EndProject
Global
	GlobalSection(SolutionConfigurationPlatforms) = preSolution
		Debug|Any CPU = Debug|Any CPU
		Release|Any CPU = Release|Any CPU
	EndGlobalSection
	GlobalSection(ProjectConfigurationPlatforms) = postSolution
		{65827CA6-170A-48F0-B469-C4B0B478F2D3}.Debug|Any CPU.ActiveCfg = Debug|Any CPU
		{65827CA6-170A-48F0-B469-C4B0B478F2D3}.Debug|Any CPU.Build.0 = Debug|Any CPU
		{65827CA6-170A-48F0-B469-C4B0B478F2D3}.Release|Any CPU.ActiveCfg = Release|Any CPU
		{65827CA6-170A-48F0-B469-C4B0B478F2D3}.Release|Any CPU.Build.0 = Release|Any CPU
		{F0DDD799-3060-49CA-A5AB-97AB2335D944}.Debug|Any CPU.ActiveCfg = Debug|Any CPU
		{F0DDD799-3060-49CA-A5AB-97AB2335D944}.Debug|Any CPU.Build.0 = Debug|Any CPU
		{F0DDD799-3060-49CA-A5AB-97AB2335D944}.Release|Any CPU.ActiveCfg = Release|Any CPU
		{F0DDD799-3060-49CA-A5AB-97AB2335D944}.Release|Any CPU.Build.0 = Release|Any CPU
	EndGlobalSection
	GlobalSection(SolutionProperties) = preSolution
		HideSolutionNode = FALSE
	EndGlobalSection
	GlobalSection(ExtensibilityGlobals) = postSolution
		SolutionGuid = {E55447C9-ECEC-43F1-AD7D-F99BCFF807CF}
	EndGlobalSection
EndGlobal
